
Microsoft Visual Studio Solution File, Format Version 12.00
# Visual Studio Version 17
VisualStudioVersion = 17.11.35208.52
MinimumVisualStudioVersion = 10.0.40219.1
Project("{FAE04EC0-301F-11D3-BF4B-00C04F79EFBC}") = "Q1", "Q1\Q1.csproj", "{D3751C7B-9D4F-4A6A-BE05-1156657AF685}"
EndProject
Global
	GlobalSection(SolutionConfigurationPlatforms) = preSolution
		Debug|Any CPU = Debug|Any CPU
		Release|Any CPU = Release|Any CPU
	EndGlobalSection
	GlobalSection(ProjectConfigurationPlatforms) = postSolution
		{D3751C7B-9D4F-4A6A-BE05-1156657AF685}.Debug|Any CPU.ActiveCfg = Debug|Any CPU
		{D3751C7B-9D4F-4A6A-BE05-1156657AF685}.Debug|Any CPU.Build.0 = Debug|Any CPU
		{D3751C7B-9D4F-4A6A-BE05-1156657AF685}.Release|Any CPU.ActiveCfg = Release|Any CPU
		{D3751C7B-9D4F-4A6A-BE05-1156657AF685}.Release|Any CPU.Build.0 = Release|Any CPU
	EndGlobalSection
	GlobalSection(SolutionProperties) = preSolution
		HideSolutionNode = FALSE
	EndGlobalSection
	GlobalSection(ExtensibilityGlobals) = postSolution
		SolutionGuid = {D0E65A71-3579-440F-9F92-2A91702C9EB0}
	EndGlobalSection
EndGlobal
